
Microsoft Visual Studio Solution File, Format Version 12.00
# Visual Studio Version 17
VisualStudioVersion = 17.11.35222.181
MinimumVisualStudioVersion = 10.0.40219.1
Project("{8BC9CEB8-8B4A-11D0-8D11-00A0C91BC942}") = "CudaRuntime1", "CudaRuntime1.vcxproj", "{53FDFA10-C291-4114-B04B-C528CDFC09FE}"
EndProject
Global
	GlobalSection(SolutionConfigurationPlatforms) = preSolution
		Debug|x64 = Debug|x64
		Release|x64 = Release|x64
	EndGlobalSection
	GlobalSection(ProjectConfigurationPlatforms) = postSolution
		{53FDFA10-C291-4114-B04B-C528CDFC09FE}.Debug|x64.ActiveCfg = Debug|x64
		{53FDFA10-C291-4114-B04B-C528CDFC09FE}.Debug|x64.Build.0 = Debug|x64
		{53FDFA10-C291-4114-B04B-C528CDFC09FE}.Release|x64.ActiveCfg = Release|x64
		{53FDFA10-C291-4114-B04B-C528CDFC09FE}.Release|x64.Build.0 = Release|x64
	EndGlobalSection
	GlobalSection(SolutionProperties) = preSolution
		HideSolutionNode = FALSE
	EndGlobalSection
	GlobalSection(ExtensibilityGlobals) = postSolution
		SolutionGuid = {ABD4F280-89BB-4F92-BF08-B9C867A900A0}
	EndGlobalSection
EndGlobal
